
Microsoft Visual Studio Solution File, Format Version 12.00
Project("{FAE04EC0-301F-11D3-BF4B-00C04F79EFBC}") = "AdventOfCode13", "AdventOfCode13.csproj", "{250BD968-37E6-4515-9A88-4C9778775A66}"
EndProject
Global
	GlobalSection(SolutionConfigurationPlatforms) = preSolution
		Debug|Any CPU = Debug|Any CPU
		Release|Any CPU = Release|Any CPU
	EndGlobalSection
	GlobalSection(ProjectConfigurationPlatforms) = postSolution
		{250BD968-37E6-4515-9A88-4C9778775A66}.Debug|Any CPU.ActiveCfg = Debug|Any CPU
		{250BD968-37E6-4515-9A88-4C9778775A66}.Debug|Any CPU.Build.0 = Debug|Any CPU
		{250BD968-37E6-4515-9A88-4C9778775A66}.Release|Any CPU.ActiveCfg = Release|Any CPU
		{250BD968-37E6-4515-9A88-4C9778775A66}.Release|Any CPU.Build.0 = Release|Any CPU
	EndGlobalSection
EndGlobal
